
Microsoft Visual Studio Solution File, Format Version 12.00
# Visual Studio Version 17
VisualStudioVersion = 17.10.35013.160
MinimumVisualStudioVersion = 10.0.40219.1
Project("{FAE04EC0-301F-11D3-BF4B-00C04F79EFBC}") = "ChallengeA_App", "ChallengeA_App\ChallengeA_App.csproj", "{A1BDB945-8984-46A5-8427-FD092A27E785}"
EndProject
Project("{FAE04EC0-301F-11D3-BF4B-00C04F79EFBC}") = "ChallengeB_App", "ChallengeB_App\ChallengeB_App.csproj", "{B327BC73-4B8C-4169-9307-9EB8C9F4564F}"
EndProject
Global
	GlobalSection(SolutionConfigurationPlatforms) = preSolution
		Debug|Any CPU = Debug|Any CPU
		Release|Any CPU = Release|Any CPU
	EndGlobalSection
	GlobalSection(ProjectConfigurationPlatforms) = postSolution
		{A1BDB945-8984-46A5-8427-FD092A27E785}.Debug|Any CPU.ActiveCfg = Debug|Any CPU
		{A1BDB945-8984-46A5-8427-FD092A27E785}.Debug|Any CPU.Build.0 = Debug|Any CPU
		{A1BDB945-8984-46A5-8427-FD092A27E785}.Release|Any CPU.ActiveCfg = Release|Any CPU
		{A1BDB945-8984-46A5-8427-FD092A27E785}.Release|Any CPU.Build.0 = Release|Any CPU
		{B327BC73-4B8C-4169-9307-9EB8C9F4564F}.Debug|Any CPU.ActiveCfg = Debug|Any CPU
		{B327BC73-4B8C-4169-9307-9EB8C9F4564F}.Debug|Any CPU.Build.0 = Debug|Any CPU
		{B327BC73-4B8C-4169-9307-9EB8C9F4564F}.Release|Any CPU.ActiveCfg = Release|Any CPU
		{B327BC73-4B8C-4169-9307-9EB8C9F4564F}.Release|Any CPU.Build.0 = Release|Any CPU
	EndGlobalSection
	GlobalSection(SolutionProperties) = preSolution
		HideSolutionNode = FALSE
	EndGlobalSection
	GlobalSection(ExtensibilityGlobals) = postSolution
		SolutionGuid = {04F53743-44BE-4822-9144-322290555F6B}
	EndGlobalSection
EndGlobal
